# THIS IS AN AUTOGENERATED FILE. DO NOT EDIT THIS FILE DIRECTLY.
assets/Apercu-Bold.eot:
  development: 2017-11-14T09:48:02-05:00   72a21eb281deaa3097df78c7edd8ab02
assets/Apercu-Bold.otf:
  development: 2017-11-14T09:49:35-05:00   5f767e4facf12a3dedfb3451a1b4ab18
assets/Apercu-Bold.svg:
  development: 2017-11-14T09:49:47-05:00   4e5d59de07ce0041c9ef094beec259f5
assets/Apercu-Bold.ttf:
  development: 2017-11-14T09:49:56-05:00   152c1bcbd0a13e6a6b8a23f6ad3682ff
assets/Apercu-Bold.woff:
  development: 2017-11-14T09:50:04-05:00   9c37d636b08cf1a00c45491e0d256e6a
assets/Apercu.eot:
  development: 2017-11-14T09:47:03-05:00   191c425273c46fe7813ef351b0d5b5df
assets/Apercu.otf:
  development: 2017-11-14T09:47:12-05:00   59b16a0414f2436ef52f95e1e8a20983
assets/Apercu.svg:
  development: 2017-11-14T09:47:22-05:00   65604964ba3af5ec7139473f1e2001ff
assets/Apercu.ttf:
  development: 2017-11-14T09:47:31-05:00   28672a430c738d19eb4e31ea0548829e
assets/Apercu.woff:
  development: 2017-11-14T09:47:40-05:00   33864dce9cc3c63c11ad92ac31ea664f
assets/BemboStd.eot:
  development: 2017-11-14T09:52:26-05:00   7f86e87db3d444d2f151ea5a11a18e70
assets/BemboStd.otf:
  development: 2017-11-14T09:52:36-05:00   e8c985d5b99d9a38b0fdb2ba65a63965
assets/BemboStd.svg:
  development: 2017-11-14T09:52:48-05:00   2d0929c1c4a6750839372a00231a43a7
assets/BemboStd.ttf:
  development: 2017-11-14T09:52:57-05:00   6003ecd96668545194d95953ea9b6b60
assets/BemboStd.woff:
  development: 2017-11-14T09:53:11-05:00   f8979a5dedb3887aa465ca8a2d91f27e
assets/DidotHTFL16LightItal.eot:
  development: 2017-11-14T09:35:23-05:00   0faaa72ed03dfa6a842efd32ed87b661
assets/DidotHTFL16LightItal.svg:
  development: 2017-11-14T09:36:00-05:00   095ca5f83529adc340f0135fceadc236
assets/DidotHTFL16LightItal.ttf:
  development: 2017-11-14T09:45:19-05:00   ff53842c1e55dcfdc0afbbd2c4b60d43
assets/DidotHTFL16LightItal.woff:
  development: 2017-11-14T09:45:35-05:00   efacf5ede11a6b8019b1a80a13000c17
assets/DidotHTFL64Light.eot:
  development: 2017-11-14T09:46:00-05:00   a8ba878f68f087ac0b6b49175621b3d6
assets/DidotHTFL64Light.otf:
  development: 2017-11-14T09:46:10-05:00   597711ae7552b68ef77cbaac1593395f
assets/DidotHTFL64Light.svg:
  development: 2017-11-14T09:46:22-05:00   51cc62015e2ae1025d77073b7e0eccef
assets/DidotHTFL64Light.ttf:
  development: 2017-11-14T09:46:30-05:00   090fecac09b9092b86448271e76e8812
assets/DidotHTFL64Light.woff:
  development: 2017-11-14T09:46:39-05:00   bad1b1cf02f55558ba91c2d06c4d768c
assets/about2.jpg:
  development: 2017-12-06T20:54:27-05:00   cb9b9bb1fbd45d6608ad9c663982e537
assets/about3.jpg:
  development: 2017-12-06T20:55:19-05:00   705022efa8a2d7339b87d43f5e8d59ef
assets/address.svg:
  development: 2017-11-30T14:47:21-05:00   79e20d3d48700d4e34c1a2e59a819dec
assets/bottom_insignia.png:
  development: 2017-12-05T07:03:46-05:00   7240bad738abbc050a7966446b71c113
assets/card1.jpg:
  development: 2017-12-06T16:08:15-05:00   7a24fd0744a4de51aa4af920a20fd72c
assets/flickity.min.css:
  development: 2017-12-06T09:02:04-05:00   ff6c5daf6c6e471981c5f803a395dea6
assets/flickity.pkgd.min.js:
  development: 2017-12-06T09:01:13-05:00   4fea5821c14813be034f55a05ba534a1
assets/functions.js.liquid:
  development: 2017-12-08T10:41:00-05:00   8e42192029d47b2c19a86a039d163da1
assets/giftcard.js:
  development: 2017-11-09T15:59:11-05:00   b771bb1917067a40642c2d8e27cf877d
assets/ico-select.svg.liquid:
  development: 2017-11-09T15:59:11-05:00   765be6d2ef08d76aa0f1aab48a10e2b7
assets/jquery-1.12.4.min.js:
  development: 2017-11-13T23:03:10-05:00   4f252523d4af0b478c810c2547a63e19
assets/jquery.magnific-popup.min.js:
  development: 2017-11-13T23:03:47-05:00   ba6cf724c8bb1cf5b084e79ff230626e
assets/logo-dark_2x.png:
  development: 2017-11-16T20:31:41-05:00   b85fa7d0f692dbab53e49f9866ce7e8d
assets/logo-fixed_2x.png:
  development: 2017-11-14T07:06:28-05:00   d1da6ed5f2128c122ccc5e88c3140abe
assets/logo-mobile_2x_dark.png:
  development: 2017-12-07T08:18:25-05:00   0c40a90d3a4842c4a4fe9a50ec2e6753
assets/magnific-popup.css:
  development: 2017-11-13T20:12:33-05:00   30b593b71d7672658f89bfea0ab360c9
assets/owl.carousel.min.css:
  development: 2017-11-13T20:11:32-05:00   e0422f812aba45254cf47f9a3c96504c
assets/owl.carousel.min.js:
  development: 2017-12-06T19:31:19-05:00   6473747d818f47587036ccde48050d82
assets/panda-swatches.css:
  development: 2017-11-28T22:37:25-05:00   8bef0706ba034f14993ee34a54b42d97
assets/script_p.js:
  development: 2017-11-28T22:37:26-05:00   0a0edf3b4969056359d27463467625b3
assets/scrollreveal.min.js:
  development: 2017-11-29T20:37:02-05:00   5deb4348d63c0bfbce81c338d35db100
assets/sprite._2x.png:
  development: 2017-11-16T21:02:55-05:00   1dfaf4137ca617f4b25f5cdaa307bb68
assets/sprite.png:
  development: 2017-11-16T21:03:29-05:00   50da43787b22a12bc58cf1d8ab36524c
assets/style.css.liquid:
  development: 2017-12-08T11:20:16-05:00   976a7fcd57e785d4a1db19f19f745d66
assets/theme.js:
  development: 2017-11-15T23:08:54-05:00   95f444160353ed590632c1f9cf75cdfe
assets/theme.scss.liquid:
  development: 2017-12-08T12:13:37-05:00   4bd7e2a72b0b0fb016f7cf494464534e
assets/vendor.js:
  development: 2017-11-09T15:59:12-05:00   b8e8dbe1aaf11c882d6d849a708113d1
config/settings_data.json:
  development: 2017-12-08T17:17:21-05:00   077e01ea121146f7a932ceb9c5ed7ed2
config/settings_schema.json:
  development: 2017-11-09T15:59:14-05:00   09dfa69062a0a6171bd81a999f6f9187
layout/gift_card.liquid:
  development: 2017-11-09T15:59:12-05:00   b58166c5e68a3ac6fc885d27b6c84eb4
layout/password.liquid:
  development: 2017-11-09T15:59:12-05:00   a3126a75f83c949db861167020c63219
layout/theme.liquid:
  development: 2017-12-08T17:41:38-05:00   7e70308f27ac9cf07c92c5036396da13
locales/da.json:
  development: 2017-11-09T15:59:12-05:00   95a58eb18067e4498baaf8f5e1ba3b42
locales/de.json:
  development: 2017-11-09T15:59:12-05:00   310ea9d2ac8d9fdb8f48ba2a0323e9e5
locales/en.default.json:
  development: 2017-12-07T10:10:39-05:00   46e7aba0a318984066bf7ec4bb4dc84b
locales/es.json:
  development: 2017-11-09T15:59:12-05:00   5bef99727aa4c751ec7e7ec7bcf6c04c
locales/fr.json:
  development: 2017-11-09T15:59:12-05:00   dd11a8356b5ae41c443e3220b667ac32
locales/nl.json:
  development: 2017-11-09T15:59:12-05:00   097257892606991bed01c4fe846c8898
locales/pt-BR.json:
  development: 2017-11-09T15:59:12-05:00   6b58156c31cabf07a0394cb51f37c6ec
locales/pt-PT.json:
  development: 2017-11-09T15:59:12-05:00   1f39689b8220b99560c72f413f651461
sections/article-q_a-section.liquid:
  development: 2017-12-08T09:11:26-05:00   ff9658be3cdd815b56036cd05bb5b622
sections/collection-list.liquid:
  development: 2017-11-09T15:59:11-05:00   28d3dfaf9923361395f2e9dd48d4b2d4
sections/collection-template--with_image.liquid:
  development: 2017-11-26T22:21:01-05:00   61eee258553e39ad2ab2c96bcd69da6c
sections/collection-template.liquid:
  development: 2017-11-30T13:20:43-05:00   18f24279a090032a1e306063c265941f
sections/featured-collection.liquid:
  development: 2017-12-06T17:02:51-05:00   09c56a92fada4cf405443593db5b8889
sections/featured-product.liquid:
  development: 2017-11-09T15:59:11-05:00   fb5c9c800bf3dc82d073817363333542
sections/footer.liquid:
  development: 2017-11-30T17:14:02-05:00   d162d6aba2aa1668b50bcca3287641d6
sections/header.liquid:
  development: 2017-12-08T11:27:35-05:00   6ad6c897a975deab9ce1c2ff4f2fe5ed
sections/home-about.liquid:
  development: 2017-11-15T11:34:32-05:00   440beb707392465e6f530ff2cf2d18dc
sections/home-location.liquid:
  development: 2017-11-30T15:10:57-05:00   7c2cf3cb04684d67c0ed1e2b372973f7
sections/home-promotions.liquid:
  development: 2017-12-07T21:32:34-05:00   35523927a60bf15dcb528b2cac400394
sections/home-special.liquid:
  development: 2017-12-07T09:11:42-05:00   54a498f49f00f62d22a5d10f0ad6f151
sections/press-promotions.liquid:
  development: 2017-12-08T06:34:39-05:00   8f80b55835746296cdcb05607eaa08f5
sections/product-community.liquid:
  development: 2017-12-04T14:52:54-05:00   f7b4b4cd8d0e05f2604e7ebbba695840
sections/product-custom_pieces.liquid:
  development: 2017-12-08T11:09:52-05:00   50a3829a8c7e97e44951049b3d64808a
sections/product-non_custom_pieces.liquid:
  development: 2017-12-04T09:49:34-05:00   8841d44205a0b905b4726f7205e2d8e1
sections/product.liquid:
  development: 2017-11-09T15:59:11-05:00   b90215eec1bcd1f1034d6f6fa0f377cd
sections/related-products.liquid:
  development: 2017-12-08T11:11:33-05:00   fdf63284dbd3887fef31712f17a5a803
sections/search-template.liquid:
  development: 2017-11-29T13:04:27-05:00   95e212e87a8029fb2ce0349f12d7858a
sections/visit-promotions.liquid:
  development: 2017-12-08T01:34:33-05:00   28564f4daaf732d9888ecb22b3f44e2e
snippets/breadcrumbs.liquid:
  development: 2017-11-20T22:21:35-05:00   5ab4910519b6966809dddd04364ba665
snippets/collection-filters.liquid:
  development: 2017-11-29T12:34:15-05:00   74a312387765b47585855ee69d3ccfc8
snippets/icon-amazon_payments.liquid:
  development: 2017-11-09T15:59:12-05:00   b5ff59d6df578a0fc1ca86322682cbaf
snippets/icon-american_express.liquid:
  development: 2017-11-09T15:59:12-05:00   9da829decce6867b8de60a183c94d099
snippets/icon-apple_pay.liquid:
  development: 2017-11-09T15:59:12-05:00   f679a56cc48b7bf65ea998f8c5029937
snippets/icon-arrow-down.liquid:
  development: 2017-11-09T15:59:12-05:00   4220a296e469301813f0696d88df0b82
snippets/icon-bitcoin.liquid:
  development: 2017-11-09T15:59:13-05:00   d8cb31e0401818c1cb852348b6f27420
snippets/icon-cart.liquid:
  development: 2017-11-09T15:59:13-05:00   997476c1a780e5dcefac1458a9aab8b9
snippets/icon-cirrus.liquid:
  development: 2017-11-09T15:59:13-05:00   fcbd6ce7e38d7946c921c8ed6ad5ca71
snippets/icon-close.liquid:
  development: 2017-11-09T15:59:13-05:00   1ae4758b5f5e0acc627a32e96ed79da9
snippets/icon-dankort.liquid:
  development: 2017-11-09T15:59:13-05:00   796e1e822b3e46784d303b48c9db5b29
snippets/icon-diners_club.liquid:
  development: 2017-11-09T15:59:13-05:00   cf70ea54486bb14c286264f90dab9ff8
snippets/icon-discover.liquid:
  development: 2017-11-09T15:59:13-05:00   b43221b39bc3df37f7e6c7810d3e54d8
snippets/icon-dogecoin.liquid:
  development: 2017-11-09T15:59:13-05:00   67abfb757def8ef6ad3e8501af6b98bd
snippets/icon-dwolla.liquid:
  development: 2017-11-09T15:59:13-05:00   30b9fb88641a559f68f401a1a95506e5
snippets/icon-facebook.liquid:
  development: 2017-11-09T15:59:13-05:00   334588042b292f2d7335fd2791c35eca
snippets/icon-forbrugsforeningen.liquid:
  development: 2017-11-09T15:59:13-05:00   dc60dbbf37b6b40ce2d5e8efb6a5cd7b
snippets/icon-hamburger.liquid:
  development: 2017-11-09T15:59:13-05:00   c61b1caa743b5790de67f0ccc8f3ba04
snippets/icon-instagram.liquid:
  development: 2017-11-09T15:59:13-05:00   bf50214819f6e2a5f053593e2414526d
snippets/icon-interac.liquid:
  development: 2017-11-09T15:59:13-05:00   24c4d22a98c0574c32fc02fe39e34b80
snippets/icon-jcb.liquid:
  development: 2017-11-09T15:59:13-05:00   275259ce80a1b368d0e5afcf7d6bb6f3
snippets/icon-litecoin.liquid:
  development: 2017-11-09T15:59:13-05:00   051dfcb36fa17b532a087b12f0a49e0e
snippets/icon-lock.liquid:
  development: 2017-11-09T15:59:13-05:00   60ae7ba03d14efa582faed8855821a58
snippets/icon-maestro.liquid:
  development: 2017-11-09T15:59:13-05:00   a540b6db188a28fb8f72ed741a897330
snippets/icon-master.liquid:
  development: 2017-11-09T15:59:13-05:00   a8160577c52110a093d7120692bb6241
snippets/icon-minus.liquid:
  development: 2017-11-09T15:59:13-05:00   78c513424d498299e865f8a242823ad0
snippets/icon-paypal.liquid:
  development: 2017-11-09T15:59:13-05:00   1b0d7db160b229b8519cccf2514ee676
snippets/icon-pinterest.liquid:
  development: 2017-11-09T15:59:13-05:00   701f2a785b3fa83d63e3ab54af060031
snippets/icon-plus.liquid:
  development: 2017-11-09T15:59:13-05:00   ba5297f64eb7ea97f1785e8166e11231
snippets/icon-rss.liquid:
  development: 2017-11-09T15:59:13-05:00   192c99ddafd680c55f2fd9261df8d871
snippets/icon-search.liquid:
  development: 2017-11-09T15:59:13-05:00   a87ad34972418ed6358f17c62949f804
snippets/icon-shopify-logo.liquid:
  development: 2017-11-09T15:59:13-05:00   70ebbe66d8a1bf488965e2ad372408c6
snippets/icon-snapchat.liquid:
  development: 2017-11-09T15:59:13-05:00   d6f0dedb86544b535e6ea5b25f66ef0d
snippets/icon-tumblr.liquid:
  development: 2017-11-09T15:59:13-05:00   d71a4ada77a8a9b6bd792bdafef393de
snippets/icon-twitter.liquid:
  development: 2017-11-09T15:59:13-05:00   24047c22697a23a0baabf2804adc6c11
snippets/icon-vimeo.liquid:
  development: 2017-11-09T15:59:13-05:00   a229ed8a1a81e6ef95ad621f8a34efb6
snippets/icon-visa.liquid:
  development: 2017-11-09T15:59:13-05:00   9098533cd59e385d2672f6d8b7fa4b04
snippets/icon-youtube.liquid:
  development: 2017-11-09T15:59:13-05:00   9d72c5bc3eaa14a3e7aefd921881b1ae
snippets/no-blocks.liquid:
  development: 2017-11-09T15:59:13-05:00   0cb7d758b6df0feb07ae5804b4b627fa
snippets/pagination.liquid:
  development: 2017-11-09T15:59:13-05:00   d4a467973d86f8663428ddaaaf035d12
snippets/panda-swatch.liquid:
  development: 2017-11-29T08:33:15-05:00   81f2392b893cdb602685f291f565e478
snippets/product-details.liquid:
  development: 2017-12-06T20:29:30-05:00   ae22f6b07824c493bff1420ebd79d1c1
snippets/product-featured-article.liquid:
  development: 2017-12-07T09:33:16-05:00   a351f9b29a5366ddda898078e5227f60
snippets/product-form.liquid:
  development: 2017-12-01T10:32:09-05:00   3bb991b6aeee69537d5500b7963c90c8
snippets/product-inquire-form.liquid:
  development: 2017-12-08T13:25:02-05:00   86ae00ce02fdbde097c79f3254402953
snippets/product-sold_out-form.liquid:
  development: 2017-11-29T08:47:55-05:00   15cabd00b0ac0795f65ac97b52cccbe4
snippets/rewind_menu_backup_do_not_delete.liquid:
  development: 2017-12-03T17:41:54-05:00   a7fb4c8d41a06268d935349f71d7780d
snippets/social-meta-tags.liquid:
  development: 2017-11-09T15:59:13-05:00   312dfc487a1aa92503527dbc4a4e56b4
snippets/social-sharing.liquid:
  development: 2017-11-09T15:59:13-05:00   987f1d283ac10d7849dc69d76221e37a
snippets/swatch.liquid:
  development: 2017-11-28T22:47:58-05:00   36ed8894c2db10d259ca156d4b49219a
templates/404.liquid:
  development: 2017-11-09T15:59:13-05:00   a345bd048463d3bb245873ed26a41a98
templates/article.liquid:
  development: 2017-11-09T15:59:13-05:00   fac07164de019c3ce659632f62be372c
templates/article.q_a.liquid:
  development: 2017-12-07T09:01:12-05:00   0b625731712ede329b80142bfbe29e84
templates/blog.liquid:
  development: 2017-11-09T15:59:13-05:00   6afa6d4a6ed4b457f72a4c28c536dca9
templates/cart.liquid:
  development: 2017-11-23T23:38:01-05:00   1c5584b2804c8c07f524f4d19b2f200a
templates/collection.liquid:
  development: 2017-11-24T15:36:27-05:00   0a2acc559513335ce46366402f205b4a
templates/collection.with_image.liquid:
  development: 2017-11-26T22:19:22-05:00   3c8e09ce8e8bcadbd386753aeb3ea689
templates/customers/account.liquid:
  development: 2017-11-09T15:59:14-05:00   4742bf0cc429943e699cbe9a0f528fa8
templates/customers/activate_account.liquid:
  development: 2017-11-09T15:59:14-05:00   9df448bfebd9818755cc375260469e32
templates/customers/addresses.liquid:
  development: 2017-11-09T15:59:14-05:00   3bf9b443cb0d71292ff3a1066df19ee1
templates/customers/login.liquid:
  development: 2017-12-08T08:05:01-05:00   5f160ee53c556e9726ebcbc35ae99692
templates/customers/order.liquid:
  development: 2017-11-09T15:59:14-05:00   97a230cba05826518856f52fe8c6bad5
templates/customers/register.liquid:
  development: 2017-11-09T15:59:14-05:00   5daf7cefee78a7ce0ce75aa59a64d4c3
templates/customers/reset_password.liquid:
  development: 2017-11-09T15:59:14-05:00   f6e5f6d66dacbb6fffd82fb1a6d29cd4
templates/gift_card.liquid:
  development: 2017-11-09T15:59:14-05:00   69ebb9767564780f5bc82e2c18bc6eb7
templates/index.liquid:
  development: 2017-11-09T15:59:14-05:00   56b51b6f96394db4b17c64b43e1c0010
templates/list-collections.liquid:
  development: 2017-11-09T15:59:14-05:00   6abbd591b600d37e335daf0a1cd45026
templates/page.about-guild.liquid:
  development: 2017-12-07T07:53:02-05:00   a7ccfc76932f48d7c66464b18671c0e2
templates/page.contact.liquid:
  development: 2017-12-08T11:19:18-05:00   1456a8ac82f562c1570abdd004492b4a
templates/page.contactus.liquid:
  development: 2017-12-08T03:40:28-05:00   51750a5230c697709b4b9a55a88d18db
templates/page.faq.liquid:
  development: 2017-12-01T08:57:30-05:00   b19bb6ece6e195a1cbcb1b29f2e49443
templates/page.faqstyle.liquid:
  development: 2017-12-08T11:13:57-05:00   a6d779fcd877be8fd88bc6d215f90041
templates/page.liquid:
  development: 2017-11-09T15:59:14-05:00   300278d299a5171fee928f45c938cd54
templates/page.press.liquid:
  development: 2017-12-08T01:19:53-05:00   d5dc7ba902f7426bc94da670efc832b6
templates/page.rewind_menu_backup_do_not_delete.liquid:
  development: 2017-12-03T17:41:54-05:00   ef1023246c38cea6bbbca8171123b13f
templates/page.styles.liquid:
  development: 2017-11-09T15:59:14-05:00   9fb4c3208eda89312711db4cdc2773c7
templates/page.terms.liquid:
  development: 2017-12-01T09:29:14-05:00   43fe0b832a730df3c3057c285db23a15
templates/page.visit.liquid:
  development: 2017-12-07T21:18:42-05:00   f88f6d8e08e8e225bb4005bb765aa02f
templates/password.liquid:
  development: 2017-11-09T15:59:14-05:00   73bba9f7f2437720e1e1fde57b544859
templates/product.community.liquid:
  development: 2017-11-23T17:16:59-05:00   003d4510c03cd04c21f389d3c5f8e819
templates/product.custom-pieces.liquid:
  development: 2017-11-23T17:17:00-05:00   06e0e5925d6693ae5e4bd1cbc973469a
templates/product.liquid:
  development: 2017-11-09T15:59:14-05:00   4fd44b8093bad2e827e58f5564520abb
templates/product.non-custom_pieces.liquid:
  development: 2017-11-23T17:16:56-05:00   b6fcbf6f757aedcfaba05e4cfa430b16
templates/search.liquid:
  development: 2017-11-29T12:28:31-05:00   147b7c98fc8b0e5defe19e04250b4afd
